
Microsoft Visual Studio Solution File, Format Version 12.00
#
Project("{FAE04EC0-301F-11D3-BF4B-00C04F79EFBC}") = "DesignPrinciplesCSharp", "DesignPrinciplesCSharp\DesignPrinciplesCSharp.csproj", "{3B1C40B0-543A-4FC0-ADA5-7D900C11E672}"
EndProject
Project("{FAE04EC0-301F-11D3-BF4B-00C04F79EFBC}") = "Builder", "Builder\Builder.csproj", "{2CA8A63D-D374-4CCE-927A-0A26A03DAF62}"
EndProject
Project("{FAE04EC0-301F-11D3-BF4B-00C04F79EFBC}") = "Factories", "Factories\Factories.csproj", "{46342591-4063-4544-89FA-2AA423A5910F}"
EndProject
Project("{FAE04EC0-301F-11D3-BF4B-00C04F79EFBC}") = "Prototype", "Prototype\Prototype.csproj", "{5A7D9A7B-6560-4979-B22B-83B9FC9A0DAB}"
EndProject
Project("{FAE04EC0-301F-11D3-BF4B-00C04F79EFBC}") = "PlayingAround", "PlayingAround\PlayingAround.csproj", "{2D103077-AB8E-4DFC-9EB0-DF455AC3D260}"
EndProject
Global
	GlobalSection(SolutionConfigurationPlatforms) = preSolution
		Debug|Any CPU = Debug|Any CPU
		Release|Any CPU = Release|Any CPU
	EndGlobalSection
	GlobalSection(ProjectConfigurationPlatforms) = postSolution
		{3B1C40B0-543A-4FC0-ADA5-7D900C11E672}.Debug|Any CPU.ActiveCfg = Debug|Any CPU
		{3B1C40B0-543A-4FC0-ADA5-7D900C11E672}.Debug|Any CPU.Build.0 = Debug|Any CPU
		{3B1C40B0-543A-4FC0-ADA5-7D900C11E672}.Release|Any CPU.ActiveCfg = Release|Any CPU
		{3B1C40B0-543A-4FC0-ADA5-7D900C11E672}.Release|Any CPU.Build.0 = Release|Any CPU
		{2CA8A63D-D374-4CCE-927A-0A26A03DAF62}.Debug|Any CPU.ActiveCfg = Debug|Any CPU
		{2CA8A63D-D374-4CCE-927A-0A26A03DAF62}.Debug|Any CPU.Build.0 = Debug|Any CPU
		{2CA8A63D-D374-4CCE-927A-0A26A03DAF62}.Release|Any CPU.ActiveCfg = Release|Any CPU
		{2CA8A63D-D374-4CCE-927A-0A26A03DAF62}.Release|Any CPU.Build.0 = Release|Any CPU
		{46342591-4063-4544-89FA-2AA423A5910F}.Debug|Any CPU.ActiveCfg = Debug|Any CPU
		{46342591-4063-4544-89FA-2AA423A5910F}.Debug|Any CPU.Build.0 = Debug|Any CPU
		{46342591-4063-4544-89FA-2AA423A5910F}.Release|Any CPU.ActiveCfg = Release|Any CPU
		{46342591-4063-4544-89FA-2AA423A5910F}.Release|Any CPU.Build.0 = Release|Any CPU
		{5A7D9A7B-6560-4979-B22B-83B9FC9A0DAB}.Debug|Any CPU.ActiveCfg = Debug|Any CPU
		{5A7D9A7B-6560-4979-B22B-83B9FC9A0DAB}.Debug|Any CPU.Build.0 = Debug|Any CPU
		{5A7D9A7B-6560-4979-B22B-83B9FC9A0DAB}.Release|Any CPU.ActiveCfg = Release|Any CPU
		{5A7D9A7B-6560-4979-B22B-83B9FC9A0DAB}.Release|Any CPU.Build.0 = Release|Any CPU
		{2D103077-AB8E-4DFC-9EB0-DF455AC3D260}.Debug|Any CPU.ActiveCfg = Debug|Any CPU
		{2D103077-AB8E-4DFC-9EB0-DF455AC3D260}.Debug|Any CPU.Build.0 = Debug|Any CPU
		{2D103077-AB8E-4DFC-9EB0-DF455AC3D260}.Release|Any CPU.ActiveCfg = Release|Any CPU
		{2D103077-AB8E-4DFC-9EB0-DF455AC3D260}.Release|Any CPU.Build.0 = Release|Any CPU
	EndGlobalSection
EndGlobal
